
Microsoft Visual Studio Solution File, Format Version 12.00
# Visual Studio Version 17
VisualStudioVersion = 17.14.36310.24 d17.14
MinimumVisualStudioVersion = 10.0.40219.1
Project("{FAE04EC0-301F-11D3-BF4B-00C04F79EFBC}") = "WebApplication1", "WebApplication1\WebApplication1.csproj", "{FDE90F13-5F77-4B84-9316-EF24264475BF}"
EndProject
Global
	GlobalSection(SolutionConfigurationPlatforms) = preSolution
		Debug|Any CPU = Debug|Any CPU
		Release|Any CPU = Release|Any CPU
	EndGlobalSection
	GlobalSection(ProjectConfigurationPlatforms) = postSolution
		{FDE90F13-5F77-4B84-9316-EF24264475BF}.Debug|Any CPU.ActiveCfg = Debug|Any CPU
		{FDE90F13-5F77-4B84-9316-EF24264475BF}.Debug|Any CPU.Build.0 = Debug|Any CPU
		{FDE90F13-5F77-4B84-9316-EF24264475BF}.Release|Any CPU.ActiveCfg = Release|Any CPU
		{FDE90F13-5F77-4B84-9316-EF24264475BF}.Release|Any CPU.Build.0 = Release|Any CPU
	EndGlobalSection
	GlobalSection(SolutionProperties) = preSolution
		HideSolutionNode = FALSE
	EndGlobalSection
	GlobalSection(ExtensibilityGlobals) = postSolution
		SolutionGuid = {74B9932A-378F-41D9-AC22-81BBE7B63095}
	EndGlobalSection
EndGlobal
